
Microsoft Visual Studio Solution File, Format Version 12.00
# Visual Studio Version 17
VisualStudioVersion = 17.11.35327.3
MinimumVisualStudioVersion = 10.0.40219.1
Project("{9A19103F-16F7-4668-BE54-9A1E7A4F7556}") = "Fiap.TechChallenge.Api.Create", "source\Fiap.TechChallenge.Api.Create\Fiap.TechChallenge.Api.Create.csproj", "{DB0412D0-7596-4B60-B872-0168F40022B6}"
EndProject
Project("{9A19103F-16F7-4668-BE54-9A1E7A4F7556}") = "Fiap.TechChallenge.Api.Query", "source\Fiap.TechChallenge.Api.Query\Fiap.TechChallenge.Api.Query.csproj", "{96CF0F62-C3CD-4D55-9B6D-40F55F31B77C}"
EndProject
Project("{9A19103F-16F7-4668-BE54-9A1E7A4F7556}") = "Fiap.TechChallenge.Api.Update", "source\Fiap.TechChallenge.Api.Update\Fiap.TechChallenge.Api.Update.csproj", "{C60F6ECF-5125-4498-93A8-4DC1CD07E463}"
EndProject
Project("{9A19103F-16F7-4668-BE54-9A1E7A4F7556}") = "Fiap.TechChallenge.Api.Delete", "source\Fiap.TechChallenge.Api.Delete\Fiap.TechChallenge.Api.Delete.csproj", "{D0D5D0A9-0EE2-436C-A96C-37139A2FF81E}"
EndProject
Project("{9A19103F-16F7-4668-BE54-9A1E7A4F7556}") = "Fiap.TechChallenge.Worker.Create", "source\Fiap.TechChallenge.Worker.Create\Fiap.TechChallenge.Worker.Create.csproj", "{ABC1290C-AE15-4BC8-A334-A6CEA7EBD9FE}"
EndProject
Project("{9A19103F-16F7-4668-BE54-9A1E7A4F7556}") = "Fiap.TechChallenge.Worker.Update", "source\Fiap.TechChallenge.Worker.Update\Fiap.TechChallenge.Worker.Update.csproj", "{043C28A9-BDF1-41CE-97F2-AF855B4A72EF}"
EndProject
Project("{9A19103F-16F7-4668-BE54-9A1E7A4F7556}") = "Fiap.TechChallenge.Worker.Delete", "source\Fiap.TechChallenge.Worker.Delete\Fiap.TechChallenge.Worker.Delete.csproj", "{EF090530-3A97-4706-A3AC-0165F285109D}"
EndProject
Project("{9A19103F-16F7-4668-BE54-9A1E7A4F7556}") = "Fiap.TechChallenge.Tests", "source\Fiap.TechChallenge.Tests\Fiap.TechChallenge.Tests.csproj", "{C43DD958-DF7B-4EE7-9611-DF6141A05854}"
EndProject
Project("{2150E333-8FDC-42A3-9474-1A3956D46DE8}") = "Source", "Source", "{97BF73A5-A965-42C2-8632-D959B77DFCF5}"
EndProject
Project("{2150E333-8FDC-42A3-9474-1A3956D46DE8}") = "Solution Items", "Solution Items", "{E87FC92D-7222-4652-A9DB-AC7514ACFC79}"
	ProjectSection(SolutionItems) = preProject
		..\.gitignore = ..\.gitignore
		..\README.md = ..\README.md
	EndProjectSection
EndProject
Project("{2150E333-8FDC-42A3-9474-1A3956D46DE8}") = "Tests", "Tests", "{2FE6524C-04E3-4C6A-9D9B-962CC8A8F096}"
EndProject
Project("{2150E333-8FDC-42A3-9474-1A3956D46DE8}") = "1 - Presentation", "1 - Presentation", "{713949AB-76CB-4C05-837F-A95CE85E0698}"
EndProject
Project("{2150E333-8FDC-42A3-9474-1A3956D46DE8}") = "2 - Core", "2 - Core", "{1D839D10-11FC-4E17-A762-53EDEBF54E84}"
EndProject
Project("{2150E333-8FDC-42A3-9474-1A3956D46DE8}") = "Workers", "Workers", "{47E8CB00-A998-4C27-BF07-4220558AEF6E}"
EndProject
Project("{2150E333-8FDC-42A3-9474-1A3956D46DE8}") = "Functions", "Functions", "{73B79125-E687-49BE-85ED-6157D7FCB5A6}"
EndProject
Project("{FAE04EC0-301F-11D3-BF4B-00C04F79EFBC}") = "Fiap.TechChallenge.Core", "source\Fiap.TechChallenge.Core\Fiap.TechChallenge.Core.csproj", "{50AE101D-0AA7-4AA5-A3A5-1CAE4B94A596}"
EndProject
Global
	GlobalSection(SolutionConfigurationPlatforms) = preSolution
		Debug|Any CPU = Debug|Any CPU
		Release|Any CPU = Release|Any CPU
	EndGlobalSection
	GlobalSection(ProjectConfigurationPlatforms) = postSolution
		{DB0412D0-7596-4B60-B872-0168F40022B6}.Debug|Any CPU.ActiveCfg = Debug|Any CPU
		{DB0412D0-7596-4B60-B872-0168F40022B6}.Debug|Any CPU.Build.0 = Debug|Any CPU
		{DB0412D0-7596-4B60-B872-0168F40022B6}.Release|Any CPU.ActiveCfg = Release|Any CPU
		{DB0412D0-7596-4B60-B872-0168F40022B6}.Release|Any CPU.Build.0 = Release|Any CPU
		{96CF0F62-C3CD-4D55-9B6D-40F55F31B77C}.Debug|Any CPU.ActiveCfg = Debug|Any CPU
		{96CF0F62-C3CD-4D55-9B6D-40F55F31B77C}.Debug|Any CPU.Build.0 = Debug|Any CPU
		{96CF0F62-C3CD-4D55-9B6D-40F55F31B77C}.Release|Any CPU.ActiveCfg = Release|Any CPU
		{96CF0F62-C3CD-4D55-9B6D-40F55F31B77C}.Release|Any CPU.Build.0 = Release|Any CPU
		{C60F6ECF-5125-4498-93A8-4DC1CD07E463}.Debug|Any CPU.ActiveCfg = Debug|Any CPU
		{C60F6ECF-5125-4498-93A8-4DC1CD07E463}.Debug|Any CPU.Build.0 = Debug|Any CPU
		{C60F6ECF-5125-4498-93A8-4DC1CD07E463}.Release|Any CPU.ActiveCfg = Release|Any CPU
		{C60F6ECF-5125-4498-93A8-4DC1CD07E463}.Release|Any CPU.Build.0 = Release|Any CPU
		{D0D5D0A9-0EE2-436C-A96C-37139A2FF81E}.Debug|Any CPU.ActiveCfg = Debug|Any CPU
		{D0D5D0A9-0EE2-436C-A96C-37139A2FF81E}.Debug|Any CPU.Build.0 = Debug|Any CPU
		{D0D5D0A9-0EE2-436C-A96C-37139A2FF81E}.Release|Any CPU.ActiveCfg = Release|Any CPU
		{D0D5D0A9-0EE2-436C-A96C-37139A2FF81E}.Release|Any CPU.Build.0 = Release|Any CPU
		{ABC1290C-AE15-4BC8-A334-A6CEA7EBD9FE}.Debug|Any CPU.ActiveCfg = Debug|Any CPU
		{ABC1290C-AE15-4BC8-A334-A6CEA7EBD9FE}.Debug|Any CPU.Build.0 = Debug|Any CPU
		{ABC1290C-AE15-4BC8-A334-A6CEA7EBD9FE}.Release|Any CPU.ActiveCfg = Release|Any CPU
		{ABC1290C-AE15-4BC8-A334-A6CEA7EBD9FE}.Release|Any CPU.Build.0 = Release|Any CPU
		{043C28A9-BDF1-41CE-97F2-AF855B4A72EF}.Debug|Any CPU.ActiveCfg = Debug|Any CPU
		{043C28A9-BDF1-41CE-97F2-AF855B4A72EF}.Debug|Any CPU.Build.0 = Debug|Any CPU
		{043C28A9-BDF1-41CE-97F2-AF855B4A72EF}.Release|Any CPU.ActiveCfg = Release|Any CPU
		{043C28A9-BDF1-41CE-97F2-AF855B4A72EF}.Release|Any CPU.Build.0 = Release|Any CPU
		{EF090530-3A97-4706-A3AC-0165F285109D}.Debug|Any CPU.ActiveCfg = Debug|Any CPU
		{EF090530-3A97-4706-A3AC-0165F285109D}.Debug|Any CPU.Build.0 = Debug|Any CPU
		{EF090530-3A97-4706-A3AC-0165F285109D}.Release|Any CPU.ActiveCfg = Release|Any CPU
		{EF090530-3A97-4706-A3AC-0165F285109D}.Release|Any CPU.Build.0 = Release|Any CPU
		{C43DD958-DF7B-4EE7-9611-DF6141A05854}.Debug|Any CPU.ActiveCfg = Debug|Any CPU
		{C43DD958-DF7B-4EE7-9611-DF6141A05854}.Debug|Any CPU.Build.0 = Debug|Any CPU
		{C43DD958-DF7B-4EE7-9611-DF6141A05854}.Release|Any CPU.ActiveCfg = Release|Any CPU
		{C43DD958-DF7B-4EE7-9611-DF6141A05854}.Release|Any CPU.Build.0 = Release|Any CPU
		{50AE101D-0AA7-4AA5-A3A5-1CAE4B94A596}.Debug|Any CPU.ActiveCfg = Debug|Any CPU
		{50AE101D-0AA7-4AA5-A3A5-1CAE4B94A596}.Debug|Any CPU.Build.0 = Debug|Any CPU
		{50AE101D-0AA7-4AA5-A3A5-1CAE4B94A596}.Release|Any CPU.ActiveCfg = Release|Any CPU
		{50AE101D-0AA7-4AA5-A3A5-1CAE4B94A596}.Release|Any CPU.Build.0 = Release|Any CPU
	EndGlobalSection
	GlobalSection(SolutionProperties) = preSolution
		HideSolutionNode = FALSE
	EndGlobalSection
	GlobalSection(NestedProjects) = preSolution
		{DB0412D0-7596-4B60-B872-0168F40022B6} = {73B79125-E687-49BE-85ED-6157D7FCB5A6}
		{96CF0F62-C3CD-4D55-9B6D-40F55F31B77C} = {73B79125-E687-49BE-85ED-6157D7FCB5A6}
		{C60F6ECF-5125-4498-93A8-4DC1CD07E463} = {73B79125-E687-49BE-85ED-6157D7FCB5A6}
		{D0D5D0A9-0EE2-436C-A96C-37139A2FF81E} = {73B79125-E687-49BE-85ED-6157D7FCB5A6}
		{ABC1290C-AE15-4BC8-A334-A6CEA7EBD9FE} = {47E8CB00-A998-4C27-BF07-4220558AEF6E}
		{043C28A9-BDF1-41CE-97F2-AF855B4A72EF} = {47E8CB00-A998-4C27-BF07-4220558AEF6E}
		{EF090530-3A97-4706-A3AC-0165F285109D} = {47E8CB00-A998-4C27-BF07-4220558AEF6E}
		{C43DD958-DF7B-4EE7-9611-DF6141A05854} = {2FE6524C-04E3-4C6A-9D9B-962CC8A8F096}
		{713949AB-76CB-4C05-837F-A95CE85E0698} = {97BF73A5-A965-42C2-8632-D959B77DFCF5}
		{1D839D10-11FC-4E17-A762-53EDEBF54E84} = {97BF73A5-A965-42C2-8632-D959B77DFCF5}
		{47E8CB00-A998-4C27-BF07-4220558AEF6E} = {713949AB-76CB-4C05-837F-A95CE85E0698}
		{73B79125-E687-49BE-85ED-6157D7FCB5A6} = {713949AB-76CB-4C05-837F-A95CE85E0698}
		{50AE101D-0AA7-4AA5-A3A5-1CAE4B94A596} = {1D839D10-11FC-4E17-A762-53EDEBF54E84}
	EndGlobalSection
	GlobalSection(ExtensibilityGlobals) = postSolution
		SolutionGuid = {12C25870-8C62-47FB-ADC2-03E923AC3AD1}
	EndGlobalSection
EndGlobal
