
Microsoft Visual Studio Solution File, Format Version 12.00
Project("{FAE04EC0-301F-11D3-BF4B-00C04F79EFBC}") = "Fiap.TC03.Api.Cadastro", "Fiap.TC03.Api.Cadastro\Fiap.TC03.Api.Cadastro.csproj", "{DB0412D0-7596-4B60-B872-0168F40022B6}"
EndProject
Project("{FAE04EC0-301F-11D3-BF4B-00C04F79EFBC}") = "Fiap.TC03.Api.Consulta", "Fiap.TC03.Api.Consulta\Fiap.TC03.Api.Consulta.csproj", "{96CF0F62-C3CD-4D55-9B6D-40F55F31B77C}"
EndProject
Project("{FAE04EC0-301F-11D3-BF4B-00C04F79EFBC}") = "Fiap.TC03.Api.Atualizacao", "Fiap.TC03.Api.Atualizacao\Fiap.TC03.Api.Atualizacao.csproj", "{C60F6ECF-5125-4498-93A8-4DC1CD07E463}"
EndProject
Project("{FAE04EC0-301F-11D3-BF4B-00C04F79EFBC}") = "Fiap.TC03.Api.Exclusao", "Fiap.TC03.Api.Exclusao\Fiap.TC03.Api.Exclusao.csproj", "{D0D5D0A9-0EE2-436C-A96C-37139A2FF81E}"
EndProject
Project("{FAE04EC0-301F-11D3-BF4B-00C04F79EFBC}") = "Fiap.TC03.Worker.Cadastro", "Fiap.TC03.Worker.Cadastro\Fiap.TC03.Worker.Cadastro.csproj", "{ABC1290C-AE15-4BC8-A334-A6CEA7EBD9FE}"
EndProject
Project("{FAE04EC0-301F-11D3-BF4B-00C04F79EFBC}") = "Fiap.TC03.Worker.Atualizacao", "Fiap.TC03.Worker.Atualizacao\Fiap.TC03.Worker.Atualizacao.csproj", "{043C28A9-BDF1-41CE-97F2-AF855B4A72EF}"
EndProject
Project("{FAE04EC0-301F-11D3-BF4B-00C04F79EFBC}") = "Fiap.TC03.Worker.Exclusao", "Fiap.TC03.Worker.Exclusao\Fiap.TC03.Worker.Exclusao.csproj", "{EF090530-3A97-4706-A3AC-0165F285109D}"
EndProject
Project("{FAE04EC0-301F-11D3-BF4B-00C04F79EFBC}") = "Fiap.TC03.Test", "Fiap.TC03.Test\Fiap.TC03.Test.csproj", "{C43DD958-DF7B-4EE7-9611-DF6141A05854}"
EndProject
Global
	GlobalSection(SolutionConfigurationPlatforms) = preSolution
		Debug|Any CPU = Debug|Any CPU
		Release|Any CPU = Release|Any CPU
	EndGlobalSection
	GlobalSection(ProjectConfigurationPlatforms) = postSolution
		{DB0412D0-7596-4B60-B872-0168F40022B6}.Debug|Any CPU.ActiveCfg = Debug|Any CPU
		{DB0412D0-7596-4B60-B872-0168F40022B6}.Debug|Any CPU.Build.0 = Debug|Any CPU
		{DB0412D0-7596-4B60-B872-0168F40022B6}.Release|Any CPU.ActiveCfg = Release|Any CPU
		{DB0412D0-7596-4B60-B872-0168F40022B6}.Release|Any CPU.Build.0 = Release|Any CPU
		{96CF0F62-C3CD-4D55-9B6D-40F55F31B77C}.Debug|Any CPU.ActiveCfg = Debug|Any CPU
		{96CF0F62-C3CD-4D55-9B6D-40F55F31B77C}.Debug|Any CPU.Build.0 = Debug|Any CPU
		{96CF0F62-C3CD-4D55-9B6D-40F55F31B77C}.Release|Any CPU.ActiveCfg = Release|Any CPU
		{96CF0F62-C3CD-4D55-9B6D-40F55F31B77C}.Release|Any CPU.Build.0 = Release|Any CPU
		{C60F6ECF-5125-4498-93A8-4DC1CD07E463}.Debug|Any CPU.ActiveCfg = Debug|Any CPU
		{C60F6ECF-5125-4498-93A8-4DC1CD07E463}.Debug|Any CPU.Build.0 = Debug|Any CPU
		{C60F6ECF-5125-4498-93A8-4DC1CD07E463}.Release|Any CPU.ActiveCfg = Release|Any CPU
		{C60F6ECF-5125-4498-93A8-4DC1CD07E463}.Release|Any CPU.Build.0 = Release|Any CPU
		{D0D5D0A9-0EE2-436C-A96C-37139A2FF81E}.Debug|Any CPU.ActiveCfg = Debug|Any CPU
		{D0D5D0A9-0EE2-436C-A96C-37139A2FF81E}.Debug|Any CPU.Build.0 = Debug|Any CPU
		{D0D5D0A9-0EE2-436C-A96C-37139A2FF81E}.Release|Any CPU.ActiveCfg = Release|Any CPU
		{D0D5D0A9-0EE2-436C-A96C-37139A2FF81E}.Release|Any CPU.Build.0 = Release|Any CPU
		{ABC1290C-AE15-4BC8-A334-A6CEA7EBD9FE}.Debug|Any CPU.ActiveCfg = Debug|Any CPU
		{ABC1290C-AE15-4BC8-A334-A6CEA7EBD9FE}.Debug|Any CPU.Build.0 = Debug|Any CPU
		{ABC1290C-AE15-4BC8-A334-A6CEA7EBD9FE}.Release|Any CPU.ActiveCfg = Release|Any CPU
		{ABC1290C-AE15-4BC8-A334-A6CEA7EBD9FE}.Release|Any CPU.Build.0 = Release|Any CPU
		{043C28A9-BDF1-41CE-97F2-AF855B4A72EF}.Debug|Any CPU.ActiveCfg = Debug|Any CPU
		{043C28A9-BDF1-41CE-97F2-AF855B4A72EF}.Debug|Any CPU.Build.0 = Debug|Any CPU
		{043C28A9-BDF1-41CE-97F2-AF855B4A72EF}.Release|Any CPU.ActiveCfg = Release|Any CPU
		{043C28A9-BDF1-41CE-97F2-AF855B4A72EF}.Release|Any CPU.Build.0 = Release|Any CPU
		{EF090530-3A97-4706-A3AC-0165F285109D}.Debug|Any CPU.ActiveCfg = Debug|Any CPU
		{EF090530-3A97-4706-A3AC-0165F285109D}.Debug|Any CPU.Build.0 = Debug|Any CPU
		{EF090530-3A97-4706-A3AC-0165F285109D}.Release|Any CPU.ActiveCfg = Release|Any CPU
		{EF090530-3A97-4706-A3AC-0165F285109D}.Release|Any CPU.Build.0 = Release|Any CPU
		{C43DD958-DF7B-4EE7-9611-DF6141A05854}.Debug|Any CPU.ActiveCfg = Debug|Any CPU
		{C43DD958-DF7B-4EE7-9611-DF6141A05854}.Debug|Any CPU.Build.0 = Debug|Any CPU
		{C43DD958-DF7B-4EE7-9611-DF6141A05854}.Release|Any CPU.ActiveCfg = Release|Any CPU
		{C43DD958-DF7B-4EE7-9611-DF6141A05854}.Release|Any CPU.Build.0 = Release|Any CPU
	EndGlobalSection
EndGlobal
